{
  "nodes": {
    "apple-silicon": {
      "inputs": {
        "flake-compat": "flake-compat",
        "nixpkgs": [
          "nixpkgs"
        ]
      },
      "locked": {
        "lastModified": 1764852467,
        "narHash": "sha256-t20jUJE2S6aqh5YjUgjgP+u/uRmOV6CTGtBLKsA0/fQ=",
        "owner": "nix-community",
        "repo": "nixos-apple-silicon",
        "rev": "0ec4039ef904591afd235146a9a30945b6c8c0e3",
        "type": "github"
      },
      "original": {
        "owner": "nix-community",
        "repo": "nixos-apple-silicon",
        "type": "github"
      }
    },
    "fix": {
      "locked": {
        "lastModified": 1759597357,
        "narHash": "sha256-/d9aSty3qX7ac03rgE7tLbhW8K4ZVNQyE6fhiKZxpdo=",
        "owner": "nixos",
        "repo": "nixpkgs",
        "rev": "c8d4dabc4357a22d1c249a9363998bdb00122544",
        "type": "github"
      },
      "original": {
        "owner": "nixos",
        "repo": "nixpkgs",
        "rev": "c8d4dabc4357a22d1c249a9363998bdb00122544",
        "type": "github"
      }
    },
    "flake-compat": {
      "locked": {
        "lastModified": 1746162366,
        "narHash": "sha256-5SSSZ/oQkwfcAz/o/6TlejlVGqeK08wyREBQ5qFFPhM=",
        "owner": "nix-community",
        "repo": "flake-compat",
        "rev": "0f158086a2ecdbb138cd0429410e44994f1b7e4b",
        "type": "github"
      },
      "original": {
        "owner": "nix-community",
        "repo": "flake-compat",
        "type": "github"
      }
    },
    "home-manager": {
      "inputs": {
        "nixpkgs": [
          "nixpkgs"
        ]
      },
      "locked": {
        "lastModified": 1764872372,
        "narHash": "sha256-uZuXRz9CzeCHsRbc2MQvKomwoX6GcFC5BUMEk3ouSFU=",
        "owner": "nix-community",
        "repo": "home-manager",
        "rev": "05a56dbf24f195c62286e3273a2671d3b4904b00",
        "type": "github"
      },
      "original": {
        "owner": "nix-community",
        "repo": "home-manager",
        "type": "github"
      }
    },
    "nixpkgs": {
      "locked": {
        "lastModified": 1764667669,
        "narHash": "sha256-7WUCZfmqLAssbDqwg9cUDAXrSoXN79eEEq17qhTNM/Y=",
        "owner": "nixos",
        "repo": "nixpkgs",
        "rev": "418468ac9527e799809c900eda37cbff999199b6",
        "type": "github"
      },
      "original": {
        "owner": "nixos",
        "ref": "nixos-unstable",
        "repo": "nixpkgs",
        "type": "github"
      }
    },
    "nixpkgs_2": {
      "locked": {
        "lastModified": 1762111121,
        "narHash": "sha256-4vhDuZ7OZaZmKKrnDpxLZZpGIJvAeMtK6FKLJYUtAdw=",
        "owner": "NixOS",
        "repo": "nixpkgs",
        "rev": "b3d51a0365f6695e7dd5cdf3e180604530ed33b4",
        "type": "github"
      },
      "original": {
        "owner": "NixOS",
        "ref": "nixos-unstable",
        "repo": "nixpkgs",
        "type": "github"
      }
    },
    "root": {
      "inputs": {
        "apple-silicon": "apple-silicon",
        "fix": "fix",
        "home-manager": "home-manager",
        "nixpkgs": "nixpkgs",
        "vicinae": "vicinae"
      }
    },
    "systems": {
      "locked": {
        "lastModified": 1681028828,
        "narHash": "sha256-Vy1rq5AaRuLzOxct8nz4T6wlgyUR7zLU309k9mBC768=",
        "owner": "nix-systems",
        "repo": "default",
        "rev": "da67096a3b9bf56a91d16901293e51ba5b49a27e",
        "type": "github"
      },
      "original": {
        "owner": "nix-systems",
        "repo": "default",
        "type": "github"
      }
    },
    "vicinae": {
      "inputs": {
        "nixpkgs": "nixpkgs_2",
        "systems": "systems"
      },
      "locked": {
        "lastModified": 1764833916,
        "narHash": "sha256-yvFfeCAjmpC2TLxDT451z7H739hTephrluJ/3czrvsQ=",
        "owner": "vicinaehq",
        "repo": "vicinae",
        "rev": "4483dd69f9185d71145f8c73c6380e7eb6c2ba54",
        "type": "github"
      },
      "original": {
        "owner": "vicinaehq",
        "repo": "vicinae",
        "type": "github"
      }
    }
  },
  "root": "root",
  "version": 7
}
